
Microsoft Visual Studio Solution File, Format Version 12.00
# Visual Studio Version 17
VisualStudioVersion = 17.2.32602.215
MinimumVisualStudioVersion = 10.0.40219.1
Project("{FAE04EC0-301F-11D3-BF4B-00C04F79EFBC}") = "Primeiros passos", "Primeiros passos\Primeiros passos.csproj", "{18AC6ED0-CB8D-4F29-94E8-98E178C12114}"
EndProject
Global
	GlobalSection(SolutionConfigurationPlatforms) = preSolution
		Debug|Any CPU = Debug|Any CPU
		Release|Any CPU = Release|Any CPU
	EndGlobalSection
	GlobalSection(ProjectConfigurationPlatforms) = postSolution
		{18AC6ED0-CB8D-4F29-94E8-98E178C12114}.Debug|Any CPU.ActiveCfg = Debug|Any CPU
		{18AC6ED0-CB8D-4F29-94E8-98E178C12114}.Debug|Any CPU.Build.0 = Debug|Any CPU
		{18AC6ED0-CB8D-4F29-94E8-98E178C12114}.Release|Any CPU.ActiveCfg = Release|Any CPU
		{18AC6ED0-CB8D-4F29-94E8-98E178C12114}.Release|Any CPU.Build.0 = Release|Any CPU
	EndGlobalSection
	GlobalSection(SolutionProperties) = preSolution
		HideSolutionNode = FALSE
	EndGlobalSection
	GlobalSection(ExtensibilityGlobals) = postSolution
		SolutionGuid = {C949E5F6-9E1F-4378-91E0-19EDF7BC1F7C}
	EndGlobalSection
EndGlobal
